
Microsoft Visual Studio Solution File, Format Version 12.00
# Visual Studio Version 17
VisualStudioVersion = 17.14.36518.9
MinimumVisualStudioVersion = 10.0.40219.1
Project("{FAE04EC0-301F-11D3-BF4B-00C04F79EFBC}") = "GreenResourceMonitor", "GreenResourceMonitor.csproj", "{FAD4AC04-781C-4ABB-A826-B69E08371577}"
EndProject
Project("{FAE04EC0-301F-11D3-BF4B-00C04F79EFBC}") = "MonitorTests", "..\MonitorTests\MonitorTests.csproj", "{27573E15-D489-470D-AA59-AE7327E9D1D8}"
EndProject
Global
	GlobalSection(SolutionConfigurationPlatforms) = preSolution
		Debug|Any CPU = Debug|Any CPU
		Release|Any CPU = Release|Any CPU
	EndGlobalSection
	GlobalSection(ProjectConfigurationPlatforms) = postSolution
		{FAD4AC04-781C-4ABB-A826-B69E08371577}.Debug|Any CPU.ActiveCfg = Debug|Any CPU
		{FAD4AC04-781C-4ABB-A826-B69E08371577}.Debug|Any CPU.Build.0 = Debug|Any CPU
		{FAD4AC04-781C-4ABB-A826-B69E08371577}.Release|Any CPU.ActiveCfg = Release|Any CPU
		{FAD4AC04-781C-4ABB-A826-B69E08371577}.Release|Any CPU.Build.0 = Release|Any CPU
		{27573E15-D489-470D-AA59-AE7327E9D1D8}.Debug|Any CPU.ActiveCfg = Debug|Any CPU
		{27573E15-D489-470D-AA59-AE7327E9D1D8}.Debug|Any CPU.Build.0 = Debug|Any CPU
		{27573E15-D489-470D-AA59-AE7327E9D1D8}.Release|Any CPU.ActiveCfg = Release|Any CPU
		{27573E15-D489-470D-AA59-AE7327E9D1D8}.Release|Any CPU.Build.0 = Release|Any CPU
	EndGlobalSection
	GlobalSection(SolutionProperties) = preSolution
		HideSolutionNode = FALSE
	EndGlobalSection
	GlobalSection(ExtensibilityGlobals) = postSolution
		SolutionGuid = {D198FC79-6A85-44AC-96CC-C546AA6E36D4}
	EndGlobalSection
EndGlobal
